
Microsoft Visual Studio Solution File, Format Version 12.00
# Visual Studio Version 17
VisualStudioVersion = 17.11.35208.52
MinimumVisualStudioVersion = 10.0.40219.1
Project("{FAE04EC0-301F-11D3-BF4B-00C04F79EFBC}") = "Hello-world", "Hello-world\Hello-world.csproj", "{0C12A198-2650-4C68-92B4-0026453FFEFD}"
EndProject
Global
	GlobalSection(SolutionConfigurationPlatforms) = preSolution
		Debug|Any CPU = Debug|Any CPU
		Release|Any CPU = Release|Any CPU
	EndGlobalSection
	GlobalSection(ProjectConfigurationPlatforms) = postSolution
		{0C12A198-2650-4C68-92B4-0026453FFEFD}.Debug|Any CPU.ActiveCfg = Debug|Any CPU
		{0C12A198-2650-4C68-92B4-0026453FFEFD}.Debug|Any CPU.Build.0 = Debug|Any CPU
		{0C12A198-2650-4C68-92B4-0026453FFEFD}.Release|Any CPU.ActiveCfg = Release|Any CPU
		{0C12A198-2650-4C68-92B4-0026453FFEFD}.Release|Any CPU.Build.0 = Release|Any CPU
	EndGlobalSection
	GlobalSection(SolutionProperties) = preSolution
		HideSolutionNode = FALSE
	EndGlobalSection
	GlobalSection(ExtensibilityGlobals) = postSolution
		SolutionGuid = {C3266CCF-1764-4EE3-9923-C45192BDEAAB}
	EndGlobalSection
EndGlobal
